// !$*UTF8*$!
{
	archiveVersion = 1;
	classes = {
	};
	objectVersion = 46;
	objects = {

/* Begin PBXBuildFile section */
		41DAEBB51DC206C50011BB35 /* main.m in Sources */ = {isa = PBXBuildFile; fileRef = 41DAEBB41DC206C50011BB35 /* main.m */; };
		41DAEBB81DC206C50011BB35 /* AppDelegate.m in Sources */ = {isa = PBXBuildFile; fileRef = 41DAEBB71DC206C50011BB35 /* AppDelegate.m */; };
		41DAEBBB1DC206C50011BB35 /* ViewController.m in Sources */ = {isa = PBXBuildFile; fileRef = 41DAEBBA1DC206C50011BB35 /* ViewController.m */; };
		41DAEBBE1DC206C50011BB35 /* Main.storyboard in Resources */ = {isa = PBXBuildFile; fileRef = 41DAEBBC1DC206C50011BB35 /* Main.storyboard */; };
		41DAEBC01DC206C50011BB35 /* Assets.xcassets in Resources */ = {isa = PBXBuildFile; fileRef = 41DAEBBF1DC206C50011BB35 /* Assets.xcassets */; };
		41DAEBC31DC206C50011BB35 /* LaunchScreen.storyboard in Resources */ = {isa = PBXBuildFile; fileRef = 41DAEBC11DC206C50011BB35 /* LaunchScreen.storyboard */; };
		41EB4EB91DC3520800D612C6 /* KYRokuyo.m in Sources */ = {isa = PBXBuildFile; fileRef = 41EB4EB71DC3520800D612C6 /* KYRokuyo.m */; };
		41EB4EBA1DC3520800D612C6 /* kyureki.plist in Resources */ = {isa = PBXBuildFile; fileRef = 41EB4EB81DC3520800D612C6 /* kyureki.plist */; };
/* End PBXBuildFile section */

/* Begin PBXFileReference section */
		41DAEBB01DC206C50011BB35 /* rokuyo.app */ = {isa = PBXFileReference; explicitFileType = wrapper.application; includeInIndex = 0; path = rokuyo.app; sourceTree = BUILT_PRODUCTS_DIR; };
		41DAEBB41DC206C50011BB35 /* main.m */ = {isa = PBXFileReference; lastKnownFileType = sourcecode.c.objc; path = main.m; sourceTree = "<group>"; };
		41DAEBB61DC206C50011BB35 /* AppDelegate.h */ = {isa = PBXFileReference; lastKnownFileType = sourcecode.c.h; path = AppDelegate.h; sourceTree = "<group>"; };
		41DAEBB71DC206C50011BB35 /* AppDelegate.m */ = {isa = PBXFileReference; lastKnownFileType = sourcecode.c.objc; path = AppDelegate.m; sourceTree = "<group>"; };
		41DAEBB91DC206C50011BB35 /* ViewController.h */ = {isa = PBXFileReference; lastKnownFileType = sourcecode.c.h; path = ViewController.h; sourceTree = "<group>"; };
		41DAEBBA1DC206C50011BB35 /* ViewController.m */ = {isa = PBXFileReference; lastKnownFileType = sourcecode.c.objc; path = ViewController.m; sourceTree = "<group>"; };
		41DAEBBD1DC206C50011BB35 /* Base */ = {isa = PBXFileReference; lastKnownFileType = file.storyboard; name = Base; path = Base.lproj/Main.storyboard; sourceTree = "<group>"; };
		41DAEBBF1DC206C50011BB35 /* Assets.xcassets */ = {isa = PBXFileReference; lastKnownFileType = folder.assetcatalog; path = Assets.xcassets; sourceTree = "<group>"; };
		41DAEBC21DC206C50011BB35 /* Base */ = {isa = PBXFileReference; lastKnownFileType = file.storyboard; name = Base; path = Base.lproj/LaunchScreen.storyboard; sourceTree = "<group>"; };
		41DAEBC41DC206C50011BB35 /* Info.plist */ = {isa = PBXFileReference; lastKnownFileType = text.plist.xml; path = Info.plist; sourceTree = "<group>"; };
		41EB4EB61DC3520800D612C6 /* KYRokuyo.h */ = {isa = PBXFileReference; fileEncoding = 4; lastKnownFileType = sourcecode.c.h; name = KYRokuyo.h; path = KYRokuyo/KYRokuyo.h; sourceTree = SOURCE_ROOT; };
		41EB4EB71DC3520800D612C6 /* KYRokuyo.m */ = {isa = PBXFileReference; fileEncoding = 4; lastKnownFileType = sourcecode.c.objc; name = KYRokuyo.m; path = KYRokuyo/KYRokuyo.m; sourceTree = SOURCE_ROOT; };
		41EB4EB81DC3520800D612C6 /* kyureki.plist */ = {isa = PBXFileReference; fileEncoding = 4; lastKnownFileType = text.plist.xml; name = kyureki.plist; path = KYRokuyo/kyureki.plist; sourceTree = SOURCE_ROOT; };
/* End PBXFileReference section */

/* Begin PBXFrameworksBuildPhase section */
		41DAEBAD1DC206C50011BB35 /* Frameworks */ = {
			isa = PBXFrameworksBuildPhase;
			buildActionMask = 2147483647;
			files = (
			);
			runOnlyForDeploymentPostprocessing = 0;
		};
/* End PBXFrameworksBuildPhase section */

/* Begin PBXGroup section */
		41DAEBA71DC206C50011BB35 = {
			isa = PBXGroup;
			children = (
				41DAEBB21DC206C50011BB35 /* rokuyo */,
				41DAEBB11DC206C50011BB35 /* Products */,
			);
			sourceTree = "<group>";
		};
		41DAEBB11DC206C50011BB35 /* Products */ = {
			isa = PBXGroup;
			children = (
				41DAEBB01DC206C50011BB35 /* rokuyo.app */,
			);
			name = Products;
			sourceTree = "<group>";
		};
		41DAEBB21DC206C50011BB35 /* rokuyo */ = {
			isa = PBXGroup;
			children = (
				41DAEBB61DC206C50011BB35 /* AppDelegate.h */,
				41DAEBB71DC206C50011BB35 /* AppDelegate.m */,
				41DAEBB91DC206C50011BB35 /* ViewController.h */,
				41DAEBBA1DC206C50011BB35 /* ViewController.m */,
				41DAEBBC1DC206C50011BB35 /* Main.storyboard */,
				41DAEBD41DC2075F0011BB35 /* rokuyo */,
				41DAEBBF1DC206C50011BB35 /* Assets.xcassets */,
				41DAEBC11DC206C50011BB35 /* LaunchScreen.storyboard */,
				41DAEBC41DC206C50011BB35 /* Info.plist */,
				41DAEBB31DC206C50011BB35 /* Supporting Files */,
			);
			path = rokuyo;
			sourceTree = "<group>";
		};
		41DAEBB31DC206C50011BB35 /* Supporting Files */ = {
			isa = PBXGroup;
			children = (
				41DAEBB41DC206C50011BB35 /* main.m */,
			);
			name = "Supporting Files";
			sourceTree = "<group>";
		};
		41DAEBD41DC2075F0011BB35 /* rokuyo */ = {
			isa = PBXGroup;
			children = (
				41EB4EB61DC3520800D612C6 /* KYRokuyo.h */,
				41EB4EB71DC3520800D612C6 /* KYRokuyo.m */,
				41EB4EB81DC3520800D612C6 /* kyureki.plist */,
			);
			name = rokuyo;
			sourceTree = "<group>";
		};
/* End PBXGroup section */

/* Begin PBXNativeTarget section */
		41DAEBAF1DC206C50011BB35 /* rokuyo */ = {
			isa = PBXNativeTarget;
			buildConfigurationList = 41DAEBC71DC206C50011BB35 /* Build configuration list for PBXNativeTarget "rokuyo" */;
			buildPhases = (
				41DAEBAC1DC206C50011BB35 /* Sources */,
				41DAEBAD1DC206C50011BB35 /* Frameworks */,
				41DAEBAE1DC206C50011BB35 /* Resources */,
			);
			buildRules = (
			);
			dependencies = (
			);
			name = rokuyo;
			productName = rokuyo;
			productReference = 41DAEBB01DC206C50011BB35 /* rokuyo.app */;
			productType = "com.apple.product-type.application";
		};
/* End PBXNativeTarget section */

/* Begin PBXProject section */
		41DAEBA81DC206C50011BB35 /* Project object */ = {
			isa = PBXProject;
			attributes = {
				LastUpgradeCheck = 0800;
				ORGANIZATIONNAME = kyasu;
				TargetAttributes = {
					41DAEBAF1DC206C50011BB35 = {
						CreatedOnToolsVersion = 8.0;
						ProvisioningStyle = Automatic;
					};
				};
			};
			buildConfigurationList = 41DAEBAB1DC206C50011BB35 /* Build configuration list for PBXProject "rokuyo" */;
			compatibilityVersion = "Xcode 3.2";
			developmentRegion = English;
			hasScannedForEncodings = 0;
			knownRegions = (
				en,
				Base,
			);
			mainGroup = 41DAEBA71DC206C50011BB35;
			productRefGroup = 41DAEBB11DC206C50011BB35 /* Products */;
			projectDirPath = "";
			projectRoot = "";
			targets = (
				41DAEBAF1DC206C50011BB35 /* rokuyo */,
			);
		};
/* End PBXProject section */

/* Begin PBXResourcesBuildPhase section */
		41DAEBAE1DC206C50011BB35 /* Resources */ = {
			isa = PBXResourcesBuildPhase;
			buildActionMask = 2147483647;
			files = (
				41DAEBC31DC206C50011BB35 /* LaunchScreen.storyboard in Resources */,
				41DAEBC01DC206C50011BB35 /* Assets.xcassets in Resources */,
				41DAEBBE1DC206C50011BB35 /* Main.storyboard in Resources */,
				41EB4EBA1DC3520800D612C6 /* kyureki.plist in Resources */,
			);
			runOnlyForDeploymentPostprocessing = 0;
		};
/* End PBXResourcesBuildPhase section */

/* Begin PBXSourcesBuildPhase section */
		41DAEBAC1DC206C50011BB35 /* Sources */ = {
			isa = PBXSourcesBuildPhase;
			buildActionMask = 2147483647;
			files = (
				41DAEBBB1DC206C50011BB35 /* ViewController.m in Sources */,
				41DAEBB81DC206C50011BB35 /* AppDelegate.m in Sources */,
				41EB4EB91DC3520800D612C6 /* KYRokuyo.m in Sources */,
				41DAEBB51DC206C50011BB35 /* main.m in Sources */,
			);
			runOnlyForDeploymentPostprocessing = 0;
		};
/* End PBXSourcesBuildPhase section */

/* Begin PBXVariantGroup section */
		41DAEBBC1DC206C50011BB35 /* Main.storyboard */ = {
			isa = PBXVariantGroup;
			children = (
				41DAEBBD1DC206C50011BB35 /* Base */,
			);
			name = Main.storyboard;
			sourceTree = "<group>";
		};
		41DAEBC11DC206C50011BB35 /* LaunchScreen.storyboard */ = {
			isa = PBXVariantGroup;
			children = (
				41DAEBC21DC206C50011BB35 /* Base */,
			);
			name = LaunchScreen.storyboard;
			sourceTree = "<group>";
		};
/* End PBXVariantGroup section */

/* Begin XCBuildConfiguration section */
		41DAEBC51DC206C50011BB35 /* Debug */ = {
			isa = XCBuildConfiguration;
			buildSettings = {
				ALWAYS_SEARCH_USER_PATHS = NO;
				CLANG_ANALYZER_NONNULL = YES;
				CLANG_CXX_LANGUAGE_STANDARD = "gnu++0x";
				CLANG_CXX_LIBRARY = "libc++";
				CLANG_ENABLE_MODULES = YES;
				CLANG_ENABLE_OBJC_ARC = YES;
				CLANG_WARN_BOOL_CONVERSION = YES;
				CLANG_WARN_CONSTANT_CONVERSION = YES;
				CLANG_WARN_DIRECT_OBJC_ISA_USAGE = YES_ERROR;
				CLANG_WARN_DOCUMENTATION_COMMENTS = YES;
				CLANG_WARN_EMPTY_BODY = YES;
				CLANG_WARN_ENUM_CONVERSION = YES;
				CLANG_WARN_INFINITE_RECURSION = YES;
				CLANG_WARN_INT_CONVERSION = YES;
				CLANG_WARN_OBJC_ROOT_CLASS = YES_ERROR;
				CLANG_WARN_SUSPICIOUS_MOVES = YES;
				CLANG_WARN_UNREACHABLE_CODE = YES;
				CLANG_WARN__DUPLICATE_METHOD_MATCH = YES;
				"CODE_SIGN_IDENTITY[sdk=iphoneos*]" = "iPhone Developer";
				COPY_PHASE_STRIP = NO;
				DEBUG_INFORMATION_FORMAT = dwarf;
				ENABLE_STRICT_OBJC_MSGSEND = YES;
				ENABLE_TESTABILITY = YES;
				GCC_C_LANGUAGE_STANDARD = gnu99;
				GCC_DYNAMIC_NO_PIC = NO;
				GCC_NO_COMMON_BLOCKS = YES;
				GCC_OPTIMIZATION_LEVEL = 0;
				GCC_PREPROCESSOR_DEFINITIONS = (
					"DEBUG=1",
					"$(inherited)",
				);
				GCC_WARN_64_TO_32_BIT_CONVERSION = YES;
				GCC_WARN_ABOUT_RETURN_TYPE = YES_ERROR;
				GCC_WARN_UNDECLARED_SELECTOR = YES;
				GCC_WARN_UNINITIALIZED_AUTOS = YES_AGGRESSIVE;
				GCC_WARN_UNUSED_FUNCTION = YES;
				GCC_WARN_UNUSED_VARIABLE = YES;
				IPHONEOS_DEPLOYMENT_TARGET = 9.0;
				MTL_ENABLE_DEBUG_INFO = YES;
				ONLY_ACTIVE_ARCH = YES;
				SDKROOT = iphoneos;
			};
			name = Debug;
		};
		41DAEBC61DC206C50011BB35 /* Release */ = {
			isa = XCBuildConfiguration;
			buildSettings = {
				ALWAYS_SEARCH_USER_PATHS = NO;
				CLANG_ANALYZER_NONNULL = YES;
				CLANG_CXX_LANGUAGE_STANDARD = "gnu++0x";
				CLANG_CXX_LIBRARY = "libc++";
				CLANG_ENABLE_MODULES = YES;
				CLANG_ENABLE_OBJC_ARC = YES;
				CLANG_WARN_BOOL_CONVERSION = YES;
				CLANG_WARN_CONSTANT_CONVERSION = YES;
				CLANG_WARN_DIRECT_OBJC_ISA_USAGE = YES_ERROR;
				CLANG_WARN_DOCUMENTATION_COMMENTS = YES;
				CLANG_WARN_EMPTY_BODY = YES;
				CLANG_WARN_ENUM_CONVERSION = YES;
				CLANG_WARN_INFINITE_RECURSION = YES;
				CLANG_WARN_INT_CONVERSION = YES;
				CLANG_WARN_OBJC_ROOT_CLASS = YES_ERROR;
				CLANG_WARN_SUSPICIOUS_MOVES = YES;
				CLANG_WARN_UNREACHABLE_CODE = YES;
				CLANG_WARN__DUPLICATE_METHOD_MATCH = YES;
				"CODE_SIGN_IDENTITY[sdk=iphoneos*]" = "iPhone Developer";
				COPY_PHASE_STRIP = NO;
				DEBUG_INFORMATION_FORMAT = "dwarf-with-dsym";
				ENABLE_NS_ASSERTIONS = NO;
				ENABLE_STRICT_OBJC_MSGSEND = YES;
				GCC_C_LANGUAGE_STANDARD = gnu99;
				GCC_NO_COMMON_BLOCKS = YES;
				GCC_WARN_64_TO_32_BIT_CONVERSION = YES;
				GCC_WARN_ABOUT_RETURN_TYPE = YES_ERROR;
				GCC_WARN_UNDECLARED_SELECTOR = YES;
				GCC_WARN_UNINITIALIZED_AUTOS = YES_AGGRESSIVE;
				GCC_WARN_UNUSED_FUNCTION = YES;
				GCC_WARN_UNUSED_VARIABLE = YES;
				IPHONEOS_DEPLOYMENT_TARGET = 9.0;
				MTL_ENABLE_DEBUG_INFO = NO;
				SDKROOT = iphoneos;
				VALIDATE_PRODUCT = YES;
			};
			name = Release;
		};
		41DAEBC81DC206C50011BB35 /* Debug */ = {
			isa = XCBuildConfiguration;
			buildSettings = {
				ASSETCATALOG_COMPILER_APPICON_NAME = AppIcon;
				INFOPLIST_FILE = rokuyo/Info.plist;
				LD_RUNPATH_SEARCH_PATHS = "$(inherited) @executable_path/Frameworks";
				PRODUCT_BUNDLE_IDENTIFIER = kyasusoft.com.rokuyo;
				PRODUCT_NAME = "$(TARGET_NAME)";
			};
			name = Debug;
		};
		41DAEBC91DC206C50011BB35 /* Release */ = {
			isa = XCBuildConfiguration;
			buildSettings = {
				ASSETCATALOG_COMPILER_APPICON_NAME = AppIcon;
				INFOPLIST_FILE = rokuyo/Info.plist;
				LD_RUNPATH_SEARCH_PATHS = "$(inherited) @executable_path/Frameworks";
				PRODUCT_BUNDLE_IDENTIFIER = kyasusoft.com.rokuyo;
				PRODUCT_NAME = "$(TARGET_NAME)";
			};
			name = Release;
		};
/* End XCBuildConfiguration section */

/* Begin XCConfigurationList section */
		41DAEBAB1DC206C50011BB35 /* Build configuration list for PBXProject "rokuyo" */ = {
			isa = XCConfigurationList;
			buildConfigurations = (
				41DAEBC51DC206C50011BB35 /* Debug */,
				41DAEBC61DC206C50011BB35 /* Release */,
			);
			defaultConfigurationIsVisible = 0;
			defaultConfigurationName = Release;
		};
		41DAEBC71DC206C50011BB35 /* Build configuration list for PBXNativeTarget "rokuyo" */ = {
			isa = XCConfigurationList;
			buildConfigurations = (
				41DAEBC81DC206C50011BB35 /* Debug */,
				41DAEBC91DC206C50011BB35 /* Release */,
			);
			defaultConfigurationIsVisible = 0;
			defaultConfigurationName = Release;
		};
/* End XCConfigurationList section */
	};
	rootObject = 41DAEBA81DC206C50011BB35 /* Project object */;
}
